
Microsoft Visual Studio Solution File, Format Version 12.00
# Visual Studio Version 16
VisualStudioVersion = 16.0.29519.87
MinimumVisualStudioVersion = 10.0.40219.1
Project("{FAE04EC0-301F-11D3-BF4B-00C04F79EFBC}") = "ConsoleApp1", "ConsoleApp1\ConsoleApp1.csproj", "{FA45CBC9-97DB-43FF-9181-0EE8B6F0A606}"
EndProject
Project("{9A19103F-16F7-4668-BE54-9A1E7A4F7556}") = "CS_SMS_LIB", "CS_SMS_LIB\CS_SMS_LIB.csproj", "{53F88034-331E-4E25-9C95-6EA2CBF7D1F0}"
EndProject
Project("{FAE04EC0-301F-11D3-BF4B-00C04F79EFBC}") = "CS_SMS_APP", "CS_SMS_APP\CS_SMS_APP.csproj", "{6809F9DB-7A7A-4D8E-8B3D-F3BC0812C5CC}"
EndProject
Project("{C7167F0D-BC9F-4E6E-AFE1-012C56B48DB5}") = "SMS", "SMS\SMS.wapproj", "{BD702F14-C0FC-426D-A787-DB2834391E97}"
EndProject
Global
	GlobalSection(SolutionConfigurationPlatforms) = preSolution
		Debug|Any CPU = Debug|Any CPU
		Debug|ARM = Debug|ARM
		Debug|ARM64 = Debug|ARM64
		Debug|x64 = Debug|x64
		Debug|x86 = Debug|x86
		Release|Any CPU = Release|Any CPU
		Release|ARM = Release|ARM
		Release|ARM64 = Release|ARM64
		Release|x64 = Release|x64
		Release|x86 = Release|x86
	EndGlobalSection
	GlobalSection(ProjectConfigurationPlatforms) = postSolution
		{FA45CBC9-97DB-43FF-9181-0EE8B6F0A606}.Debug|Any CPU.ActiveCfg = Debug|Any CPU
		{FA45CBC9-97DB-43FF-9181-0EE8B6F0A606}.Debug|Any CPU.Build.0 = Debug|Any CPU
		{FA45CBC9-97DB-43FF-9181-0EE8B6F0A606}.Debug|ARM.ActiveCfg = Debug|Any CPU
		{FA45CBC9-97DB-43FF-9181-0EE8B6F0A606}.Debug|ARM.Build.0 = Debug|Any CPU
		{FA45CBC9-97DB-43FF-9181-0EE8B6F0A606}.Debug|ARM64.ActiveCfg = Debug|Any CPU
		{FA45CBC9-97DB-43FF-9181-0EE8B6F0A606}.Debug|ARM64.Build.0 = Debug|Any CPU
		{FA45CBC9-97DB-43FF-9181-0EE8B6F0A606}.Debug|x64.ActiveCfg = Debug|Any CPU
		{FA45CBC9-97DB-43FF-9181-0EE8B6F0A606}.Debug|x64.Build.0 = Debug|Any CPU
		{FA45CBC9-97DB-43FF-9181-0EE8B6F0A606}.Debug|x86.ActiveCfg = Debug|Any CPU
		{FA45CBC9-97DB-43FF-9181-0EE8B6F0A606}.Debug|x86.Build.0 = Debug|Any CPU
		{FA45CBC9-97DB-43FF-9181-0EE8B6F0A606}.Release|Any CPU.ActiveCfg = Release|Any CPU
		{FA45CBC9-97DB-43FF-9181-0EE8B6F0A606}.Release|Any CPU.Build.0 = Release|Any CPU
		{FA45CBC9-97DB-43FF-9181-0EE8B6F0A606}.Release|ARM.ActiveCfg = Release|Any CPU
		{FA45CBC9-97DB-43FF-9181-0EE8B6F0A606}.Release|ARM.Build.0 = Release|Any CPU
		{FA45CBC9-97DB-43FF-9181-0EE8B6F0A606}.Release|ARM64.ActiveCfg = Release|Any CPU
		{FA45CBC9-97DB-43FF-9181-0EE8B6F0A606}.Release|ARM64.Build.0 = Release|Any CPU
		{FA45CBC9-97DB-43FF-9181-0EE8B6F0A606}.Release|x64.ActiveCfg = Release|Any CPU
		{FA45CBC9-97DB-43FF-9181-0EE8B6F0A606}.Release|x64.Build.0 = Release|Any CPU
		{FA45CBC9-97DB-43FF-9181-0EE8B6F0A606}.Release|x86.ActiveCfg = Release|Any CPU
		{FA45CBC9-97DB-43FF-9181-0EE8B6F0A606}.Release|x86.Build.0 = Release|Any CPU
		{53F88034-331E-4E25-9C95-6EA2CBF7D1F0}.Debug|Any CPU.ActiveCfg = Debug|Any CPU
		{53F88034-331E-4E25-9C95-6EA2CBF7D1F0}.Debug|Any CPU.Build.0 = Debug|Any CPU
		{53F88034-331E-4E25-9C95-6EA2CBF7D1F0}.Debug|ARM.ActiveCfg = Debug|Any CPU
		{53F88034-331E-4E25-9C95-6EA2CBF7D1F0}.Debug|ARM.Build.0 = Debug|Any CPU
		{53F88034-331E-4E25-9C95-6EA2CBF7D1F0}.Debug|ARM64.ActiveCfg = Debug|Any CPU
		{53F88034-331E-4E25-9C95-6EA2CBF7D1F0}.Debug|ARM64.Build.0 = Debug|Any CPU
		{53F88034-331E-4E25-9C95-6EA2CBF7D1F0}.Debug|x64.ActiveCfg = Debug|Any CPU
		{53F88034-331E-4E25-9C95-6EA2CBF7D1F0}.Debug|x64.Build.0 = Debug|Any CPU
		{53F88034-331E-4E25-9C95-6EA2CBF7D1F0}.Debug|x86.ActiveCfg = Debug|Any CPU
		{53F88034-331E-4E25-9C95-6EA2CBF7D1F0}.Debug|x86.Build.0 = Debug|Any CPU
		{53F88034-331E-4E25-9C95-6EA2CBF7D1F0}.Release|Any CPU.ActiveCfg = Release|Any CPU
		{53F88034-331E-4E25-9C95-6EA2CBF7D1F0}.Release|Any CPU.Build.0 = Release|Any CPU
		{53F88034-331E-4E25-9C95-6EA2CBF7D1F0}.Release|ARM.ActiveCfg = Release|Any CPU
		{53F88034-331E-4E25-9C95-6EA2CBF7D1F0}.Release|ARM.Build.0 = Release|Any CPU
		{53F88034-331E-4E25-9C95-6EA2CBF7D1F0}.Release|ARM64.ActiveCfg = Release|Any CPU
		{53F88034-331E-4E25-9C95-6EA2CBF7D1F0}.Release|ARM64.Build.0 = Release|Any CPU
		{53F88034-331E-4E25-9C95-6EA2CBF7D1F0}.Release|x64.ActiveCfg = Release|Any CPU
		{53F88034-331E-4E25-9C95-6EA2CBF7D1F0}.Release|x64.Build.0 = Release|Any CPU
		{53F88034-331E-4E25-9C95-6EA2CBF7D1F0}.Release|x86.ActiveCfg = Release|Any CPU
		{53F88034-331E-4E25-9C95-6EA2CBF7D1F0}.Release|x86.Build.0 = Release|Any CPU
		{6809F9DB-7A7A-4D8E-8B3D-F3BC0812C5CC}.Debug|Any CPU.ActiveCfg = Debug|x86
		{6809F9DB-7A7A-4D8E-8B3D-F3BC0812C5CC}.Debug|ARM.ActiveCfg = Debug|ARM
		{6809F9DB-7A7A-4D8E-8B3D-F3BC0812C5CC}.Debug|ARM.Build.0 = Debug|ARM
		{6809F9DB-7A7A-4D8E-8B3D-F3BC0812C5CC}.Debug|ARM.Deploy.0 = Debug|ARM
		{6809F9DB-7A7A-4D8E-8B3D-F3BC0812C5CC}.Debug|ARM64.ActiveCfg = Debug|ARM64
		{6809F9DB-7A7A-4D8E-8B3D-F3BC0812C5CC}.Debug|ARM64.Build.0 = Debug|ARM64
		{6809F9DB-7A7A-4D8E-8B3D-F3BC0812C5CC}.Debug|ARM64.Deploy.0 = Debug|ARM64
		{6809F9DB-7A7A-4D8E-8B3D-F3BC0812C5CC}.Debug|x64.ActiveCfg = Debug|x64
		{6809F9DB-7A7A-4D8E-8B3D-F3BC0812C5CC}.Debug|x64.Build.0 = Debug|x64
		{6809F9DB-7A7A-4D8E-8B3D-F3BC0812C5CC}.Debug|x64.Deploy.0 = Debug|x64
		{6809F9DB-7A7A-4D8E-8B3D-F3BC0812C5CC}.Debug|x86.ActiveCfg = Debug|x86
		{6809F9DB-7A7A-4D8E-8B3D-F3BC0812C5CC}.Debug|x86.Build.0 = Debug|x86
		{6809F9DB-7A7A-4D8E-8B3D-F3BC0812C5CC}.Debug|x86.Deploy.0 = Debug|x86
		{6809F9DB-7A7A-4D8E-8B3D-F3BC0812C5CC}.Release|Any CPU.ActiveCfg = Release|x86
		{6809F9DB-7A7A-4D8E-8B3D-F3BC0812C5CC}.Release|ARM.ActiveCfg = Release|ARM
		{6809F9DB-7A7A-4D8E-8B3D-F3BC0812C5CC}.Release|ARM.Build.0 = Release|ARM
		{6809F9DB-7A7A-4D8E-8B3D-F3BC0812C5CC}.Release|ARM.Deploy.0 = Release|ARM
		{6809F9DB-7A7A-4D8E-8B3D-F3BC0812C5CC}.Release|ARM64.ActiveCfg = Release|ARM64
		{6809F9DB-7A7A-4D8E-8B3D-F3BC0812C5CC}.Release|ARM64.Build.0 = Release|ARM64
		{6809F9DB-7A7A-4D8E-8B3D-F3BC0812C5CC}.Release|ARM64.Deploy.0 = Release|ARM64
		{6809F9DB-7A7A-4D8E-8B3D-F3BC0812C5CC}.Release|x64.ActiveCfg = Release|x64
		{6809F9DB-7A7A-4D8E-8B3D-F3BC0812C5CC}.Release|x64.Build.0 = Release|x64
		{6809F9DB-7A7A-4D8E-8B3D-F3BC0812C5CC}.Release|x64.Deploy.0 = Release|x64
		{6809F9DB-7A7A-4D8E-8B3D-F3BC0812C5CC}.Release|x86.ActiveCfg = Release|x86
		{6809F9DB-7A7A-4D8E-8B3D-F3BC0812C5CC}.Release|x86.Build.0 = Release|x86
		{6809F9DB-7A7A-4D8E-8B3D-F3BC0812C5CC}.Release|x86.Deploy.0 = Release|x86
		{BD702F14-C0FC-426D-A787-DB2834391E97}.Debug|Any CPU.ActiveCfg = Debug|Any CPU
		{BD702F14-C0FC-426D-A787-DB2834391E97}.Debug|Any CPU.Build.0 = Debug|Any CPU
		{BD702F14-C0FC-426D-A787-DB2834391E97}.Debug|Any CPU.Deploy.0 = Debug|Any CPU
		{BD702F14-C0FC-426D-A787-DB2834391E97}.Debug|ARM.ActiveCfg = Debug|ARM
		{BD702F14-C0FC-426D-A787-DB2834391E97}.Debug|ARM.Build.0 = Debug|ARM
		{BD702F14-C0FC-426D-A787-DB2834391E97}.Debug|ARM.Deploy.0 = Debug|ARM
		{BD702F14-C0FC-426D-A787-DB2834391E97}.Debug|ARM64.ActiveCfg = Debug|ARM64
		{BD702F14-C0FC-426D-A787-DB2834391E97}.Debug|ARM64.Build.0 = Debug|ARM64
		{BD702F14-C0FC-426D-A787-DB2834391E97}.Debug|ARM64.Deploy.0 = Debug|ARM64
		{BD702F14-C0FC-426D-A787-DB2834391E97}.Debug|x64.ActiveCfg = Debug|x64
		{BD702F14-C0FC-426D-A787-DB2834391E97}.Debug|x64.Build.0 = Debug|x64
		{BD702F14-C0FC-426D-A787-DB2834391E97}.Debug|x64.Deploy.0 = Debug|x64
		{BD702F14-C0FC-426D-A787-DB2834391E97}.Debug|x86.ActiveCfg = Debug|x86
		{BD702F14-C0FC-426D-A787-DB2834391E97}.Debug|x86.Build.0 = Debug|x86
		{BD702F14-C0FC-426D-A787-DB2834391E97}.Debug|x86.Deploy.0 = Debug|x86
		{BD702F14-C0FC-426D-A787-DB2834391E97}.Release|Any CPU.ActiveCfg = Release|Any CPU
		{BD702F14-C0FC-426D-A787-DB2834391E97}.Release|Any CPU.Build.0 = Release|Any CPU
		{BD702F14-C0FC-426D-A787-DB2834391E97}.Release|Any CPU.Deploy.0 = Release|Any CPU
		{BD702F14-C0FC-426D-A787-DB2834391E97}.Release|ARM.ActiveCfg = Release|ARM
		{BD702F14-C0FC-426D-A787-DB2834391E97}.Release|ARM.Build.0 = Release|ARM
		{BD702F14-C0FC-426D-A787-DB2834391E97}.Release|ARM.Deploy.0 = Release|ARM
		{BD702F14-C0FC-426D-A787-DB2834391E97}.Release|ARM64.ActiveCfg = Release|ARM64
		{BD702F14-C0FC-426D-A787-DB2834391E97}.Release|ARM64.Build.0 = Release|ARM64
		{BD702F14-C0FC-426D-A787-DB2834391E97}.Release|ARM64.Deploy.0 = Release|ARM64
		{BD702F14-C0FC-426D-A787-DB2834391E97}.Release|x64.ActiveCfg = Release|x64
		{BD702F14-C0FC-426D-A787-DB2834391E97}.Release|x64.Build.0 = Release|x64
		{BD702F14-C0FC-426D-A787-DB2834391E97}.Release|x64.Deploy.0 = Release|x64
		{BD702F14-C0FC-426D-A787-DB2834391E97}.Release|x86.ActiveCfg = Release|x86
		{BD702F14-C0FC-426D-A787-DB2834391E97}.Release|x86.Build.0 = Release|x86
		{BD702F14-C0FC-426D-A787-DB2834391E97}.Release|x86.Deploy.0 = Release|x86
	EndGlobalSection
	GlobalSection(SolutionProperties) = preSolution
		HideSolutionNode = FALSE
	EndGlobalSection
	GlobalSection(ExtensibilityGlobals) = postSolution
		SolutionGuid = {E8333F62-2E05-4B67-A4A0-7771FD3F6CBD}
	EndGlobalSection
EndGlobal
