
Microsoft Visual Studio Solution File, Format Version 12.00
# Visual Studio Version 16
VisualStudioVersion = 16.0.29519.87
MinimumVisualStudioVersion = 10.0.40219.1
Project("{FAE04EC0-301F-11D3-BF4B-00C04F79EFBC}") = "ConsoleApp1", "ConsoleApp1\ConsoleApp1.csproj", "{FA45CBC9-97DB-43FF-9181-0EE8B6F0A606}"
EndProject
Global
	GlobalSection(SolutionConfigurationPlatforms) = preSolution
		Debug|Any CPU = Debug|Any CPU
		Release|Any CPU = Release|Any CPU
	EndGlobalSection
	GlobalSection(ProjectConfigurationPlatforms) = postSolution
		{FA45CBC9-97DB-43FF-9181-0EE8B6F0A606}.Debug|Any CPU.ActiveCfg = Debug|Any CPU
		{FA45CBC9-97DB-43FF-9181-0EE8B6F0A606}.Debug|Any CPU.Build.0 = Debug|Any CPU
		{FA45CBC9-97DB-43FF-9181-0EE8B6F0A606}.Release|Any CPU.ActiveCfg = Release|Any CPU
		{FA45CBC9-97DB-43FF-9181-0EE8B6F0A606}.Release|Any CPU.Build.0 = Release|Any CPU
	EndGlobalSection
	GlobalSection(SolutionProperties) = preSolution
		HideSolutionNode = FALSE
	EndGlobalSection
	GlobalSection(ExtensibilityGlobals) = postSolution
		SolutionGuid = {E8333F62-2E05-4B67-A4A0-7771FD3F6CBD}
	EndGlobalSection
EndGlobal
